{
  "name": "karajan-opencode-probe-runtime",
  "version": "0.1.0",
  "lockfileVersion": 3,
  "requires": true,
  "packages": {
    "": {
      "name": "karajan-opencode-probe-runtime",
      "version": "0.1.0",
      "dependencies": {
        "opencode-ai": "1.18.29"
      }
    },
    "node_modules/opencode-ai": {
      "version": "1.18.29",
      "resolved": "https://registry.npmjs.org/opencode-ai/-/opencode-ai-1.18.29.tgz",
      "integrity": "sha512-syIDVwlrYTgTOXzZe9SkInJWethbq6l3SNC762UeXyO0a9V0wGfd+U4yACvppwNBnhIsl0j2QPYYCyLpNaSomg==",
      "cpu": [
        "arm64",
        "x64"
      ],
      "hasInstallScript": true,
      "license": "MIT",
      "os": [
        "darwin",
        "linux",
        "win32"
      ],
      "bin": {
        "opencode": "bin/opencode.exe"
      },
      "optionalDependencies": {
        "opencode-darwin-arm64": "1.18.29",
        "opencode-darwin-x64": "1.18.29",
        "opencode-darwin-x64-baseline": "1.18.29",
        "opencode-linux-arm64": "1.18.29",
        "opencode-linux-arm64-musl": "1.18.29",
        "opencode-linux-x64": "1.18.29",
        "opencode-linux-x64-baseline": "1.18.29",
        "opencode-linux-x64-baseline-musl": "1.18.29",
        "opencode-linux-x64-musl": "1.18.29",
        "opencode-windows-arm64": "1.18.29",
        "opencode-windows-x64": "1.18.29",
        "opencode-windows-x64-baseline": "1.18.29"
      }
    },
    "node_modules/opencode-darwin-arm64": {
      "version": "1.18.29",
      "resolved": "https://registry.npmjs.org/opencode-darwin-arm64/-/opencode-darwin-arm64-1.18.29.tgz",
      "integrity": "sha512-EU0qma5GPJXcDp5rENvedSfqJjqxatQW/Qzjs71pR2YdbrSh7YmBwtvnIb2/KIvfQr0DErX4ST14sbBQI2mQdg==",
      "cpu": [
        "arm64"
      ],
      "optional": true,
      "os": [
        "darwin"
      ]
    },
    "node_modules/opencode-darwin-x64": {
      "version": "1.18.29",
      "resolved": "https://registry.npmjs.org/opencode-darwin-x64/-/opencode-darwin-x64-1.18.29.tgz",
      "integrity": "sha512-Soyw5WI5kRI3Wbk5eeuSkMw4x+ScXi3SqzITMsi6rnVX0hsAbFCOmKOieYcd8BKJ1aUTrrG0Vv556CFzekk5Bw==",
      "cpu": [
        "x64"
      ],
      "optional": true,
      "os": [
        "darwin"
      ]
    },
    "node_modules/opencode-darwin-x64-baseline": {
      "version": "1.18.29",
      "resolved": "https://registry.npmjs.org/opencode-darwin-x64-baseline/-/opencode-darwin-x64-baseline-1.18.29.tgz",
      "integrity": "sha512-LJAQWZd4Tixo/IYCM3qYDk+h+OydkcZY6ywL99K67acJzfiAmfzqDKUi7WuQkMrlTCSPoOxkyz3yTPd0GzVeXw==",
      "cpu": [
        "x64"
      ],
      "optional": true,
      "os": [
        "darwin"
      ]
    },
    "node_modules/opencode-linux-arm64": {
      "version": "1.18.29",
      "resolved": "https://registry.npmjs.org/opencode-linux-arm64/-/opencode-linux-arm64-1.18.29.tgz",
      "integrity": "sha512-Lr7XXik5wPJZBV5RW+aR6Uogf1n5GogpB565m+D/jiO/vRXr9LhvCpixgAr1tiwuH1ZfMsqOOlbFQz5jgH3Tqg==",
      "cpu": [
        "arm64"
      ],
      "optional": true,
      "os": [
        "linux"
      ]
    },
    "node_modules/opencode-linux-arm64-musl": {
      "version": "1.18.29",
      "resolved": "https://registry.npmjs.org/opencode-linux-arm64-musl/-/opencode-linux-arm64-musl-1.18.29.tgz",
      "integrity": "sha512-9lNhNvW3FdwbI+BDy/y+0bwIQkbz36u/RVQoZH2tYvWjHkOaf8D+mSuDKbKcFqpLFIbbQona01oYSQZzncZIcQ==",
      "cpu": [
        "arm64"
      ],
      "libc": [
        "musl"
      ],
      "optional": true,
      "os": [
        "linux"
      ]
    },
    "node_modules/opencode-linux-x64": {
      "version": "1.18.29",
      "resolved": "https://registry.npmjs.org/opencode-linux-x64/-/opencode-linux-x64-1.18.29.tgz",
      "integrity": "sha512-X8/wS/8mzL7Ko0zYYF6RzKax39KkxXDRoimhmzXuo0gPrZX4DQjqBNpPAByBwUjFapk73ZGSVsjDGvoNapBa1Q==",
      "cpu": [
        "x64"
      ],
      "optional": true,
      "os": [
        "linux"
      ]
    },
    "node_modules/opencode-linux-x64-baseline": {
      "version": "1.18.29",
      "resolved": "https://registry.npmjs.org/opencode-linux-x64-baseline/-/opencode-linux-x64-baseline-1.18.29.tgz",
      "integrity": "sha512-AnPvoVjeLC6qBYSeDwmj8fIVeJxspkrh1xAPow5NMSdH7IZZd0auiI2PHIW+0/3B+xfar1Zx1a6yvDd4Wd74Wg==",
      "cpu": [
        "x64"
      ],
      "optional": true,
      "os": [
        "linux"
      ]
    },
    "node_modules/opencode-linux-x64-baseline-musl": {
      "version": "1.18.29",
      "resolved": "https://registry.npmjs.org/opencode-linux-x64-baseline-musl/-/opencode-linux-x64-baseline-musl-1.18.29.tgz",
      "integrity": "sha512-A60ew2Xu0gXPwjPYbXoYtkzpUYaLKpgp8dVU5RJpGhT2NBMWBaEyY8O/pcZJFvhPOoEFP9IYmcF2k8Pj4mjDfA==",
      "cpu": [
        "x64"
      ],
      "libc": [
        "musl"
      ],
      "optional": true,
      "os": [
        "linux"
      ]
    },
    "node_modules/opencode-linux-x64-musl": {
      "version": "1.18.29",
      "resolved": "https://registry.npmjs.org/opencode-linux-x64-musl/-/opencode-linux-x64-musl-1.18.29.tgz",
      "integrity": "sha512-bGAZ9NFzNOzrXVN9oczd1H+vzLH1aGyYg1ZZNtuZiszxKr8+vTjLnNcjzGJIuc6jtjvlWbfp8l+S5fxCVuQo2A==",
      "cpu": [
        "x64"
      ],
      "libc": [
        "musl"
      ],
      "optional": true,
      "os": [
        "linux"
      ]
    },
    "node_modules/opencode-windows-arm64": {
      "version": "1.18.29",
      "resolved": "https://registry.npmjs.org/opencode-windows-arm64/-/opencode-windows-arm64-1.18.29.tgz",
      "integrity": "sha512-LwDli4EeZIGNnq8vJ9/uLIvsxAY0zLi6+54KsmOk8E1w7121axXpJ/5TpCg4LvmsNXwRKenKJgWzqoDBhy/2mw==",
      "cpu": [
        "arm64"
      ],
      "optional": true,
      "os": [
        "win32"
      ]
    },
    "node_modules/opencode-windows-x64": {
      "version": "1.18.29",
      "resolved": "https://registry.npmjs.org/opencode-windows-x64/-/opencode-windows-x64-1.18.29.tgz",
      "integrity": "sha512-xtWiZNMiwFtBl7q9yMG+XK/BTYGfgFoHLDx4ruWVYCoxjV0NYwjJi6rB9B3xIVbTclzu81YLKNFcT3kNBEG9Yw==",
      "cpu": [
        "x64"
      ],
      "optional": true,
      "os": [
        "win32"
      ]
    },
    "node_modules/opencode-windows-x64-baseline": {
      "version": "1.18.29",
      "resolved": "https://registry.npmjs.org/opencode-windows-x64-baseline/-/opencode-windows-x64-baseline-1.18.29.tgz",
      "integrity": "sha512-rUqqp8zbHq5bc3yWPymQxCHgS2Fax07GoEq/KX1R+FE4XNDgL6R+Q1PFqqVDneLd3l0h5qPb+qqsiiWGGEORlA==",
      "cpu": [
        "x64"
      ],
      "optional": true,
      "os": [
        "win32"
      ]
    }
  }
}
